
Microsoft Visual Studio Solution File, Format Version 12.00
# Visual Studio 15
VisualStudioVersion = 15.0.26124.0
MinimumVisualStudioVersion = 15.0.26124.0
Project("{2150E333-8FDC-42A3-9474-1A3956D46DE8}") = "Everest", "Everest", "{F8903A1D-AB47-43DA-93F8-672576266C45}"
EndProject
Project("{FAE04EC0-301F-11D3-BF4B-00C04F79EFBC}") = "Celeste.Mod.mm", "Everest\Celeste.Mod.mm\Celeste.Mod.mm.csproj", "{1DE16310-BE11-4B75-BA7B-F29F90539C2A}"
EndProject
Project("{F2A71F9B-5D33-465A-A702-920D77279786}") = "ThinkAhead", "ThinkAhead\ThinkAhead.fsproj", "{B0FC3199-9F30-4025-8A77-C7F1C320406F}"
EndProject
Global
	GlobalSection(SolutionConfigurationPlatforms) = preSolution
		Debug|Any CPU = Debug|Any CPU
		Debug|x64 = Debug|x64
		Debug|x86 = Debug|x86
		Release|Any CPU = Release|Any CPU
		Release|x64 = Release|x64
		Release|x86 = Release|x86
	EndGlobalSection
	GlobalSection(SolutionProperties) = preSolution
		HideSolutionNode = FALSE
	EndGlobalSection
	GlobalSection(ProjectConfigurationPlatforms) = postSolution
		{1DE16310-BE11-4B75-BA7B-F29F90539C2A}.Debug|Any CPU.ActiveCfg = Debug|Any CPU
		{1DE16310-BE11-4B75-BA7B-F29F90539C2A}.Debug|Any CPU.Build.0 = Debug|Any CPU
		{1DE16310-BE11-4B75-BA7B-F29F90539C2A}.Debug|x64.ActiveCfg = Debug|Any CPU
		{1DE16310-BE11-4B75-BA7B-F29F90539C2A}.Debug|x64.Build.0 = Debug|Any CPU
		{1DE16310-BE11-4B75-BA7B-F29F90539C2A}.Debug|x86.ActiveCfg = Debug|Any CPU
		{1DE16310-BE11-4B75-BA7B-F29F90539C2A}.Debug|x86.Build.0 = Debug|Any CPU
		{1DE16310-BE11-4B75-BA7B-F29F90539C2A}.Release|Any CPU.ActiveCfg = Release|Any CPU
		{1DE16310-BE11-4B75-BA7B-F29F90539C2A}.Release|Any CPU.Build.0 = Release|Any CPU
		{1DE16310-BE11-4B75-BA7B-F29F90539C2A}.Release|x64.ActiveCfg = Release|Any CPU
		{1DE16310-BE11-4B75-BA7B-F29F90539C2A}.Release|x64.Build.0 = Release|Any CPU
		{1DE16310-BE11-4B75-BA7B-F29F90539C2A}.Release|x86.ActiveCfg = Release|Any CPU
		{1DE16310-BE11-4B75-BA7B-F29F90539C2A}.Release|x86.Build.0 = Release|Any CPU
		{B0FC3199-9F30-4025-8A77-C7F1C320406F}.Debug|Any CPU.ActiveCfg = Debug|Any CPU
		{B0FC3199-9F30-4025-8A77-C7F1C320406F}.Debug|Any CPU.Build.0 = Debug|Any CPU
		{B0FC3199-9F30-4025-8A77-C7F1C320406F}.Debug|x64.ActiveCfg = Debug|Any CPU
		{B0FC3199-9F30-4025-8A77-C7F1C320406F}.Debug|x64.Build.0 = Debug|Any CPU
		{B0FC3199-9F30-4025-8A77-C7F1C320406F}.Debug|x86.ActiveCfg = Debug|Any CPU
		{B0FC3199-9F30-4025-8A77-C7F1C320406F}.Debug|x86.Build.0 = Debug|Any CPU
		{B0FC3199-9F30-4025-8A77-C7F1C320406F}.Release|Any CPU.ActiveCfg = Release|Any CPU
		{B0FC3199-9F30-4025-8A77-C7F1C320406F}.Release|Any CPU.Build.0 = Release|Any CPU
		{B0FC3199-9F30-4025-8A77-C7F1C320406F}.Release|x64.ActiveCfg = Release|Any CPU
		{B0FC3199-9F30-4025-8A77-C7F1C320406F}.Release|x64.Build.0 = Release|Any CPU
		{B0FC3199-9F30-4025-8A77-C7F1C320406F}.Release|x86.ActiveCfg = Release|Any CPU
		{B0FC3199-9F30-4025-8A77-C7F1C320406F}.Release|x86.Build.0 = Release|Any CPU
	EndGlobalSection
	GlobalSection(NestedProjects) = preSolution
		{1DE16310-BE11-4B75-BA7B-F29F90539C2A} = {F8903A1D-AB47-43DA-93F8-672576266C45}
	EndGlobalSection
EndGlobal
